// !$*UTF8*$!
{
	archiveVersion = 1;
	classes = {
	};
	objectVersion = 55;
	objects = {

/* Begin PBXBuildFile section */
		20A91EFE27C570C900908009 /* main.cpp in Sources */ = {isa = PBXBuildFile; fileRef = 20A91EFD27C570C900908009 /* main.cpp */; };
		20ADD3BB27B27BDF00500326 /* main.cpp in Sources */ = {isa = PBXBuildFile; fileRef = 20ADD3BA27B27BDF00500326 /* main.cpp */; };
		20ADD3C627B514C800500326 /* main.cpp in Sources */ = {isa = PBXBuildFile; fileRef = 20ADD3C527B514C800500326 /* main.cpp */; };
		20ADD3D127B5361D00500326 /* main.cpp in Sources */ = {isa = PBXBuildFile; fileRef = 20ADD3D027B5361D00500326 /* main.cpp */; };
		20ADD3DC27B53A4500500326 /* main.cpp in Sources */ = {isa = PBXBuildFile; fileRef = 20ADD3DB27B53A4500500326 /* main.cpp */; };
		20ADD3E727B925B600500326 /* main.cpp in Sources */ = {isa = PBXBuildFile; fileRef = 20ADD3E627B925B600500326 /* main.cpp */; };
		20ADD3F227B9322800500326 /* main.cpp in Sources */ = {isa = PBXBuildFile; fileRef = 20ADD3F127B9322800500326 /* main.cpp */; };
		20ADD3FD27BD696C00500326 /* main.cpp in Sources */ = {isa = PBXBuildFile; fileRef = 20ADD3FC27BD696C00500326 /* main.cpp */; };
		20ADD40827BD6ED400500326 /* main.cpp in Sources */ = {isa = PBXBuildFile; fileRef = 20ADD40727BD6ED400500326 /* main.cpp */; };
		20ADD41327C00D1B00500326 /* main.cpp in Sources */ = {isa = PBXBuildFile; fileRef = 20ADD41227C00D1B00500326 /* main.cpp */; };
		7585D62227C3957E00310633 /* main.cpp in Sources */ = {isa = PBXBuildFile; fileRef = 7585D62127C3957E00310633 /* main.cpp */; };
		7592F0CD27B1285200C7DC0B /* main.cpp in Sources */ = {isa = PBXBuildFile; fileRef = 7592F0CC27B1285200C7DC0B /* main.cpp */; };
		7592F0DA27B1287800C7DC0B /* main.cpp in Sources */ = {isa = PBXBuildFile; fileRef = 7592F0D927B1287800C7DC0B /* main.cpp */; };
		7592F0E527B2926700C7DC0B /* main.cpp in Sources */ = {isa = PBXBuildFile; fileRef = 7592F0E427B2926700C7DC0B /* main.cpp */; };
		7592F0F027B2A2CE00C7DC0B /* main.cpp in Sources */ = {isa = PBXBuildFile; fileRef = 7592F0EF27B2A2CE00C7DC0B /* main.cpp */; };
		75C1F36C27B7F89F00EDF079 /* main.cpp in Sources */ = {isa = PBXBuildFile; fileRef = 75C1F36B27B7F89F00EDF079 /* main.cpp */; };
		75C1F37727B7F93500EDF079 /* main.cpp in Sources */ = {isa = PBXBuildFile; fileRef = 75C1F37627B7F93500EDF079 /* main.cpp */; };
		75D77AE927BE3D4900249912 /* main.cpp in Sources */ = {isa = PBXBuildFile; fileRef = 75D77AE827BE3D4900249912 /* main.cpp */; };
/* End PBXBuildFile section */

/* Begin PBXCopyFilesBuildPhase section */
		20A91EF927C570C900908009 /* CopyFiles */ = {
			isa = PBXCopyFilesBuildPhase;
			buildActionMask = 2147483647;
			dstPath = /usr/share/man/man1/;
			dstSubfolderSpec = 0;
			files = (
			);
			runOnlyForDeploymentPostprocessing = 1;
		};
		20ADD3B627B27BDF00500326 /* CopyFiles */ = {
			isa = PBXCopyFilesBuildPhase;
			buildActionMask = 2147483647;
			dstPath = /usr/share/man/man1/;
			dstSubfolderSpec = 0;
			files = (
			);
			runOnlyForDeploymentPostprocessing = 1;
		};
		20ADD3C127B514C800500326 /* CopyFiles */ = {
			isa = PBXCopyFilesBuildPhase;
			buildActionMask = 2147483647;
			dstPath = /usr/share/man/man1/;
			dstSubfolderSpec = 0;
			files = (
			);
			runOnlyForDeploymentPostprocessing = 1;
		};
		20ADD3CC27B5361D00500326 /* CopyFiles */ = {
			isa = PBXCopyFilesBuildPhase;
			buildActionMask = 2147483647;
			dstPath = /usr/share/man/man1/;
			dstSubfolderSpec = 0;
			files = (
			);
			runOnlyForDeploymentPostprocessing = 1;
		};
		20ADD3D727B53A4500500326 /* CopyFiles */ = {
			isa = PBXCopyFilesBuildPhase;
			buildActionMask = 2147483647;
			dstPath = /usr/share/man/man1/;
			dstSubfolderSpec = 0;
			files = (
			);
			runOnlyForDeploymentPostprocessing = 1;
		};
		20ADD3E227B925B600500326 /* CopyFiles */ = {
			isa = PBXCopyFilesBuildPhase;
			buildActionMask = 2147483647;
			dstPath = /usr/share/man/man1/;
			dstSubfolderSpec = 0;
			files = (
			);
			runOnlyForDeploymentPostprocessing = 1;
		};
		20ADD3ED27B9322800500326 /* CopyFiles */ = {
			isa = PBXCopyFilesBuildPhase;
			buildActionMask = 2147483647;
			dstPath = /usr/share/man/man1/;
			dstSubfolderSpec = 0;
			files = (
			);
			runOnlyForDeploymentPostprocessing = 1;
		};
		20ADD3F827BD696C00500326 /* CopyFiles */ = {
			isa = PBXCopyFilesBuildPhase;
			buildActionMask = 2147483647;
			dstPath = /usr/share/man/man1/;
			dstSubfolderSpec = 0;
			files = (
			);
			runOnlyForDeploymentPostprocessing = 1;
		};
		20ADD40327BD6ED400500326 /* CopyFiles */ = {
			isa = PBXCopyFilesBuildPhase;
			buildActionMask = 2147483647;
			dstPath = /usr/share/man/man1/;
			dstSubfolderSpec = 0;
			files = (
			);
			runOnlyForDeploymentPostprocessing = 1;
		};
		20ADD40E27C00D1B00500326 /* CopyFiles */ = {
			isa = PBXCopyFilesBuildPhase;
			buildActionMask = 2147483647;
			dstPath = /usr/share/man/man1/;
			dstSubfolderSpec = 0;
			files = (
			);
			runOnlyForDeploymentPostprocessing = 1;
		};
		7585D61D27C3957E00310633 /* CopyFiles */ = {
			isa = PBXCopyFilesBuildPhase;
			buildActionMask = 2147483647;
			dstPath = /usr/share/man/man1/;
			dstSubfolderSpec = 0;
			files = (
			);
			runOnlyForDeploymentPostprocessing = 1;
		};
		7592F0C727B1285200C7DC0B /* CopyFiles */ = {
			isa = PBXCopyFilesBuildPhase;
			buildActionMask = 2147483647;
			dstPath = /usr/share/man/man1/;
			dstSubfolderSpec = 0;
			files = (
			);
			runOnlyForDeploymentPostprocessing = 1;
		};
		7592F0D527B1287800C7DC0B /* CopyFiles */ = {
			isa = PBXCopyFilesBuildPhase;
			buildActionMask = 2147483647;
			dstPath = /usr/share/man/man1/;
			dstSubfolderSpec = 0;
			files = (
			);
			runOnlyForDeploymentPostprocessing = 1;
		};
		7592F0E027B2926700C7DC0B /* CopyFiles */ = {
			isa = PBXCopyFilesBuildPhase;
			buildActionMask = 2147483647;
			dstPath = /usr/share/man/man1/;
			dstSubfolderSpec = 0;
			files = (
			);
			runOnlyForDeploymentPostprocessing = 1;
		};
		7592F0EB27B2A2CE00C7DC0B /* CopyFiles */ = {
			isa = PBXCopyFilesBuildPhase;
			buildActionMask = 2147483647;
			dstPath = /usr/share/man/man1/;
			dstSubfolderSpec = 0;
			files = (
			);
			runOnlyForDeploymentPostprocessing = 1;
		};
		75C1F36727B7F89F00EDF079 /* CopyFiles */ = {
			isa = PBXCopyFilesBuildPhase;
			buildActionMask = 2147483647;
			dstPath = /usr/share/man/man1/;
			dstSubfolderSpec = 0;
			files = (
			);
			runOnlyForDeploymentPostprocessing = 1;
		};
		75C1F37227B7F93500EDF079 /* CopyFiles */ = {
			isa = PBXCopyFilesBuildPhase;
			buildActionMask = 2147483647;
			dstPath = /usr/share/man/man1/;
			dstSubfolderSpec = 0;
			files = (
			);
			runOnlyForDeploymentPostprocessing = 1;
		};
		75D77AE427BE3D4900249912 /* CopyFiles */ = {
			isa = PBXCopyFilesBuildPhase;
			buildActionMask = 2147483647;
			dstPath = /usr/share/man/man1/;
			dstSubfolderSpec = 0;
			files = (
			);
			runOnlyForDeploymentPostprocessing = 1;
		};
/* End PBXCopyFilesBuildPhase section */

/* Begin PBXFileReference section */
		20A91EFB27C570C900908009 /* 6E_connected_components */ = {isa = PBXFileReference; explicitFileType = "compiled.mach-o.executable"; includeInIndex = 0; path = 6E_connected_components; sourceTree = BUILT_PRODUCTS_DIR; };
		20A91EFD27C570C900908009 /* main.cpp */ = {isa = PBXFileReference; lastKnownFileType = sourcecode.cpp.cpp; path = main.cpp; sourceTree = "<group>"; };
		20ADD3B827B27BDF00500326 /* 5E_search_tree */ = {isa = PBXFileReference; explicitFileType = "compiled.mach-o.executable"; includeInIndex = 0; path = 5E_search_tree; sourceTree = BUILT_PRODUCTS_DIR; };
		20ADD3BA27B27BDF00500326 /* main.cpp */ = {isa = PBXFileReference; lastKnownFileType = sourcecode.cpp.cpp; path = main.cpp; sourceTree = "<group>"; };
		20ADD3C327B514C800500326 /* 5J_add_node */ = {isa = PBXFileReference; explicitFileType = "compiled.mach-o.executable"; includeInIndex = 0; path = 5J_add_node; sourceTree = BUILT_PRODUCTS_DIR; };
		20ADD3C527B514C800500326 /* main.cpp */ = {isa = PBXFileReference; lastKnownFileType = sourcecode.cpp.cpp; path = main.cpp; sourceTree = "<group>"; };
		20ADD3CE27B5361D00500326 /* Sprint5TaskB */ = {isa = PBXFileReference; explicitFileType = "compiled.mach-o.executable"; includeInIndex = 0; path = Sprint5TaskB; sourceTree = BUILT_PRODUCTS_DIR; };
		20ADD3D027B5361D00500326 /* main.cpp */ = {isa = PBXFileReference; lastKnownFileType = sourcecode.cpp.cpp; path = main.cpp; sourceTree = "<group>"; };
		20ADD3D927B53A4500500326 /* 5B_balansed_tree */ = {isa = PBXFileReference; explicitFileType = "compiled.mach-o.executable"; includeInIndex = 0; path = 5B_balansed_tree; sourceTree = BUILT_PRODUCTS_DIR; };
		20ADD3DB27B53A4500500326 /* main.cpp */ = {isa = PBXFileReference; lastKnownFileType = sourcecode.cpp.cpp; path = main.cpp; sourceTree = "<group>"; };
		20ADD3E427B925B600500326 /* 5N_split_tree */ = {isa = PBXFileReference; explicitFileType = "compiled.mach-o.executable"; includeInIndex = 0; path = 5N_split_tree; sourceTree = BUILT_PRODUCTS_DIR; };
		20ADD3E627B925B600500326 /* main.cpp */ = {isa = PBXFileReference; lastKnownFileType = sourcecode.cpp.cpp; path = main.cpp; sourceTree = "<group>"; };
		20ADD3EF27B9322800500326 /* Sprint5TaskA */ = {isa = PBXFileReference; explicitFileType = "compiled.mach-o.executable"; includeInIndex = 0; path = Sprint5TaskA; sourceTree = BUILT_PRODUCTS_DIR; };
		20ADD3F127B9322800500326 /* main.cpp */ = {isa = PBXFileReference; lastKnownFileType = sourcecode.cpp.cpp; path = main.cpp; sourceTree = "<group>"; };
		20ADD3FA27BD696C00500326 /* 6A_build_adjacency_list */ = {isa = PBXFileReference; explicitFileType = "compiled.mach-o.executable"; includeInIndex = 0; path = 6A_build_adjacency_list; sourceTree = BUILT_PRODUCTS_DIR; };
		20ADD3FC27BD696C00500326 /* main.cpp */ = {isa = PBXFileReference; lastKnownFileType = sourcecode.cpp.cpp; path = main.cpp; sourceTree = "<group>"; };
		20ADD40527BD6ED400500326 /* 6B_build_adjacency_matrix */ = {isa = PBXFileReference; explicitFileType = "compiled.mach-o.executable"; includeInIndex = 0; path = 6B_build_adjacency_matrix; sourceTree = BUILT_PRODUCTS_DIR; };
		20ADD40727BD6ED400500326 /* main.cpp */ = {isa = PBXFileReference; lastKnownFileType = sourcecode.cpp.cpp; path = main.cpp; sourceTree = "<group>"; };
		20ADD41027C00D1B00500326 /* 6H_leave_time */ = {isa = PBXFileReference; explicitFileType = "compiled.mach-o.executable"; includeInIndex = 0; path = 6H_leave_time; sourceTree = BUILT_PRODUCTS_DIR; };
		20ADD41227C00D1B00500326 /* main.cpp */ = {isa = PBXFileReference; lastKnownFileType = sourcecode.cpp.cpp; path = main.cpp; sourceTree = "<group>"; };
		7585D61F27C3957E00310633 /* 6J_topological_sort */ = {isa = PBXFileReference; explicitFileType = "compiled.mach-o.executable"; includeInIndex = 0; path = 6J_topological_sort; sourceTree = BUILT_PRODUCTS_DIR; };
		7585D62127C3957E00310633 /* main.cpp */ = {isa = PBXFileReference; lastKnownFileType = sourcecode.cpp.cpp; path = main.cpp; sourceTree = "<group>"; };
		7592F0C927B1285200C7DC0B /* algorithms_part_two */ = {isa = PBXFileReference; explicitFileType = "compiled.mach-o.executable"; includeInIndex = 0; path = algorithms_part_two; sourceTree = BUILT_PRODUCTS_DIR; };
		7592F0CC27B1285200C7DC0B /* main.cpp */ = {isa = PBXFileReference; lastKnownFileType = sourcecode.cpp.cpp; path = main.cpp; sourceTree = "<group>"; };
		7592F0D727B1287800C7DC0B /* 5A_lightbulbs */ = {isa = PBXFileReference; explicitFileType = "compiled.mach-o.executable"; includeInIndex = 0; path = 5A_lightbulbs; sourceTree = BUILT_PRODUCTS_DIR; };
		7592F0D927B1287800C7DC0B /* main.cpp */ = {isa = PBXFileReference; lastKnownFileType = sourcecode.cpp.cpp; path = main.cpp; sourceTree = "<group>"; };
		7592F0E227B2926700C7DC0B /* 5I_different_search_trees */ = {isa = PBXFileReference; explicitFileType = "compiled.mach-o.executable"; includeInIndex = 0; path = 5I_different_search_trees; sourceTree = BUILT_PRODUCTS_DIR; };
		7592F0E427B2926700C7DC0B /* main.cpp */ = {isa = PBXFileReference; lastKnownFileType = sourcecode.cpp.cpp; path = main.cpp; sourceTree = "<group>"; };
		7592F0ED27B2A2CE00C7DC0B /* 5K_output_range */ = {isa = PBXFileReference; explicitFileType = "compiled.mach-o.executable"; includeInIndex = 0; path = 5K_output_range; sourceTree = BUILT_PRODUCTS_DIR; };
		7592F0EF27B2A2CE00C7DC0B /* main.cpp */ = {isa = PBXFileReference; lastKnownFileType = sourcecode.cpp.cpp; path = main.cpp; sourceTree = "<group>"; };
		75C1F36927B7F89F00EDF079 /* 5M_sift_up */ = {isa = PBXFileReference; explicitFileType = "compiled.mach-o.executable"; includeInIndex = 0; path = 5M_sift_up; sourceTree = BUILT_PRODUCTS_DIR; };
		75C1F36B27B7F89F00EDF079 /* main.cpp */ = {isa = PBXFileReference; lastKnownFileType = sourcecode.cpp.cpp; path = main.cpp; sourceTree = "<group>"; };
		75C1F37427B7F93500EDF079 /* 5L_sift_down */ = {isa = PBXFileReference; explicitFileType = "compiled.mach-o.executable"; includeInIndex = 0; path = 5L_sift_down; sourceTree = BUILT_PRODUCTS_DIR; };
		75C1F37627B7F93500EDF079 /* main.cpp */ = {isa = PBXFileReference; lastKnownFileType = sourcecode.cpp.cpp; path = main.cpp; sourceTree = "<group>"; };
		75D77AE627BE3D4900249912 /* 6C_dfs */ = {isa = PBXFileReference; explicitFileType = "compiled.mach-o.executable"; includeInIndex = 0; path = 6C_dfs; sourceTree = BUILT_PRODUCTS_DIR; };
		75D77AE827BE3D4900249912 /* main.cpp */ = {isa = PBXFileReference; lastKnownFileType = sourcecode.cpp.cpp; path = main.cpp; sourceTree = "<group>"; };
/* End PBXFileReference section */

/* Begin PBXFrameworksBuildPhase section */
		20A91EF827C570C900908009 /* Frameworks */ = {
			isa = PBXFrameworksBuildPhase;
			buildActionMask = 2147483647;
			files = (
			);
			runOnlyForDeploymentPostprocessing = 0;
		};
		20ADD3B527B27BDF00500326 /* Frameworks */ = {
			isa = PBXFrameworksBuildPhase;
			buildActionMask = 2147483647;
			files = (
			);
			runOnlyForDeploymentPostprocessing = 0;
		};
		20ADD3C027B514C800500326 /* Frameworks */ = {
			isa = PBXFrameworksBuildPhase;
			buildActionMask = 2147483647;
			files = (
			);
			runOnlyForDeploymentPostprocessing = 0;
		};
		20ADD3CB27B5361D00500326 /* Frameworks */ = {
			isa = PBXFrameworksBuildPhase;
			buildActionMask = 2147483647;
			files = (
			);
			runOnlyForDeploymentPostprocessing = 0;
		};
		20ADD3D627B53A4500500326 /* Frameworks */ = {
			isa = PBXFrameworksBuildPhase;
			buildActionMask = 2147483647;
			files = (
			);
			runOnlyForDeploymentPostprocessing = 0;
		};
		20ADD3E127B925B600500326 /* Frameworks */ = {
			isa = PBXFrameworksBuildPhase;
			buildActionMask = 2147483647;
			files = (
			);
			runOnlyForDeploymentPostprocessing = 0;
		};
		20ADD3EC27B9322800500326 /* Frameworks */ = {
			isa = PBXFrameworksBuildPhase;
			buildActionMask = 2147483647;
			files = (
			);
			runOnlyForDeploymentPostprocessing = 0;
		};
		20ADD3F727BD696C00500326 /* Frameworks */ = {
			isa = PBXFrameworksBuildPhase;
			buildActionMask = 2147483647;
			files = (
			);
			runOnlyForDeploymentPostprocessing = 0;
		};
		20ADD40227BD6ED400500326 /* Frameworks */ = {
			isa = PBXFrameworksBuildPhase;
			buildActionMask = 2147483647;
			files = (
			);
			runOnlyForDeploymentPostprocessing = 0;
		};
		20ADD40D27C00D1B00500326 /* Frameworks */ = {
			isa = PBXFrameworksBuildPhase;
			buildActionMask = 2147483647;
			files = (
			);
			runOnlyForDeploymentPostprocessing = 0;
		};
		7585D61C27C3957E00310633 /* Frameworks */ = {
			isa = PBXFrameworksBuildPhase;
			buildActionMask = 2147483647;
			files = (
			);
			runOnlyForDeploymentPostprocessing = 0;
		};
		7592F0C627B1285200C7DC0B /* Frameworks */ = {
			isa = PBXFrameworksBuildPhase;
			buildActionMask = 2147483647;
			files = (
			);
			runOnlyForDeploymentPostprocessing = 0;
		};
		7592F0D427B1287800C7DC0B /* Frameworks */ = {
			isa = PBXFrameworksBuildPhase;
			buildActionMask = 2147483647;
			files = (
			);
			runOnlyForDeploymentPostprocessing = 0;
		};
		7592F0DF27B2926700C7DC0B /* Frameworks */ = {
			isa = PBXFrameworksBuildPhase;
			buildActionMask = 2147483647;
			files = (
			);
			runOnlyForDeploymentPostprocessing = 0;
		};
		7592F0EA27B2A2CE00C7DC0B /* Frameworks */ = {
			isa = PBXFrameworksBuildPhase;
			buildActionMask = 2147483647;
			files = (
			);
			runOnlyForDeploymentPostprocessing = 0;
		};
		75C1F36627B7F89F00EDF079 /* Frameworks */ = {
			isa = PBXFrameworksBuildPhase;
			buildActionMask = 2147483647;
			files = (
			);
			runOnlyForDeploymentPostprocessing = 0;
		};
		75C1F37127B7F93500EDF079 /* Frameworks */ = {
			isa = PBXFrameworksBuildPhase;
			buildActionMask = 2147483647;
			files = (
			);
			runOnlyForDeploymentPostprocessing = 0;
		};
		75D77AE327BE3D4900249912 /* Frameworks */ = {
			isa = PBXFrameworksBuildPhase;
			buildActionMask = 2147483647;
			files = (
			);
			runOnlyForDeploymentPostprocessing = 0;
		};
/* End PBXFrameworksBuildPhase section */

/* Begin PBXGroup section */
		20A91EFC27C570C900908009 /* 6E_connected_components */ = {
			isa = PBXGroup;
			children = (
				20A91EFD27C570C900908009 /* main.cpp */,
			);
			path = 6E_connected_components;
			sourceTree = "<group>";
		};
		20ADD3B927B27BDF00500326 /* 5E_search_tree */ = {
			isa = PBXGroup;
			children = (
				20ADD3BA27B27BDF00500326 /* main.cpp */,
			);
			path = 5E_search_tree;
			sourceTree = "<group>";
		};
		20ADD3C427B514C800500326 /* 5J_add_node */ = {
			isa = PBXGroup;
			children = (
				20ADD3C527B514C800500326 /* main.cpp */,
			);
			path = 5J_add_node;
			sourceTree = "<group>";
		};
		20ADD3CF27B5361D00500326 /* Sprint5TaskB */ = {
			isa = PBXGroup;
			children = (
				20ADD3D027B5361D00500326 /* main.cpp */,
			);
			path = Sprint5TaskB;
			sourceTree = "<group>";
		};
		20ADD3DA27B53A4500500326 /* 5B_balansed_tree */ = {
			isa = PBXGroup;
			children = (
				20ADD3DB27B53A4500500326 /* main.cpp */,
			);
			path = 5B_balansed_tree;
			sourceTree = "<group>";
		};
		20ADD3E527B925B600500326 /* 5N_split_tree */ = {
			isa = PBXGroup;
			children = (
				20ADD3E627B925B600500326 /* main.cpp */,
			);
			path = 5N_split_tree;
			sourceTree = "<group>";
		};
		20ADD3F027B9322800500326 /* Sprint5TaskA */ = {
			isa = PBXGroup;
			children = (
				20ADD3F127B9322800500326 /* main.cpp */,
			);
			path = Sprint5TaskA;
			sourceTree = "<group>";
		};
		20ADD3FB27BD696C00500326 /* 6A_build_adjacency_list */ = {
			isa = PBXGroup;
			children = (
				20ADD3FC27BD696C00500326 /* main.cpp */,
			);
			path = 6A_build_adjacency_list;
			sourceTree = "<group>";
		};
		20ADD40627BD6ED400500326 /* 6B_build_adjacency_matrix */ = {
			isa = PBXGroup;
			children = (
				20ADD40727BD6ED400500326 /* main.cpp */,
			);
			path = 6B_build_adjacency_matrix;
			sourceTree = "<group>";
		};
		20ADD41127C00D1B00500326 /* 6H_leave_time */ = {
			isa = PBXGroup;
			children = (
				20ADD41227C00D1B00500326 /* main.cpp */,
			);
			path = 6H_leave_time;
			sourceTree = "<group>";
		};
		7585D62027C3957E00310633 /* 6J_topological_sort */ = {
			isa = PBXGroup;
			children = (
				7585D62127C3957E00310633 /* main.cpp */,
			);
			path = 6J_topological_sort;
			sourceTree = "<group>";
		};
		7592F0C027B1285200C7DC0B = {
			isa = PBXGroup;
			children = (
				7592F0CB27B1285200C7DC0B /* algorithms_part_two */,
				7592F0D827B1287800C7DC0B /* 5A_lightbulbs */,
				20ADD3B927B27BDF00500326 /* 5E_search_tree */,
				7592F0E327B2926700C7DC0B /* 5I_different_search_trees */,
				7592F0EE27B2A2CE00C7DC0B /* 5K_output_range */,
				20ADD3C427B514C800500326 /* 5J_add_node */,
				20ADD3CF27B5361D00500326 /* Sprint5TaskB */,
				20ADD3DA27B53A4500500326 /* 5B_balansed_tree */,
				75C1F36A27B7F89F00EDF079 /* 5M_sift_up */,
				75C1F37527B7F93500EDF079 /* 5L_sift_down */,
				20ADD3E527B925B600500326 /* 5N_split_tree */,
				20ADD3F027B9322800500326 /* Sprint5TaskA */,
				20ADD3FB27BD696C00500326 /* 6A_build_adjacency_list */,
				20ADD40627BD6ED400500326 /* 6B_build_adjacency_matrix */,
				75D77AE727BE3D4900249912 /* 6C_dfs */,
				20ADD41127C00D1B00500326 /* 6H_leave_time */,
				7585D62027C3957E00310633 /* 6J_topological_sort */,
				20A91EFC27C570C900908009 /* 6E_connected_components */,
				7592F0CA27B1285200C7DC0B /* Products */,
			);
			sourceTree = "<group>";
		};
		7592F0CA27B1285200C7DC0B /* Products */ = {
			isa = PBXGroup;
			children = (
				7592F0C927B1285200C7DC0B /* algorithms_part_two */,
				7592F0D727B1287800C7DC0B /* 5A_lightbulbs */,
				20ADD3B827B27BDF00500326 /* 5E_search_tree */,
				7592F0E227B2926700C7DC0B /* 5I_different_search_trees */,
				7592F0ED27B2A2CE00C7DC0B /* 5K_output_range */,
				20ADD3C327B514C800500326 /* 5J_add_node */,
				20ADD3CE27B5361D00500326 /* Sprint5TaskB */,
				20ADD3D927B53A4500500326 /* 5B_balansed_tree */,
				75C1F36927B7F89F00EDF079 /* 5M_sift_up */,
				75C1F37427B7F93500EDF079 /* 5L_sift_down */,
				20ADD3E427B925B600500326 /* 5N_split_tree */,
				20ADD3EF27B9322800500326 /* Sprint5TaskA */,
				20ADD3FA27BD696C00500326 /* 6A_build_adjacency_list */,
				20ADD40527BD6ED400500326 /* 6B_build_adjacency_matrix */,
				75D77AE627BE3D4900249912 /* 6C_dfs */,
				20ADD41027C00D1B00500326 /* 6H_leave_time */,
				7585D61F27C3957E00310633 /* 6J_topological_sort */,
				20A91EFB27C570C900908009 /* 6E_connected_components */,
			);
			name = Products;
			sourceTree = "<group>";
		};
		7592F0CB27B1285200C7DC0B /* algorithms_part_two */ = {
			isa = PBXGroup;
			children = (
				7592F0CC27B1285200C7DC0B /* main.cpp */,
			);
			path = algorithms_part_two;
			sourceTree = "<group>";
		};
		7592F0D827B1287800C7DC0B /* 5A_lightbulbs */ = {
			isa = PBXGroup;
			children = (
				7592F0D927B1287800C7DC0B /* main.cpp */,
			);
			path = 5A_lightbulbs;
			sourceTree = "<group>";
		};
		7592F0E327B2926700C7DC0B /* 5I_different_search_trees */ = {
			isa = PBXGroup;
			children = (
				7592F0E427B2926700C7DC0B /* main.cpp */,
			);
			path = 5I_different_search_trees;
			sourceTree = "<group>";
		};
		7592F0EE27B2A2CE00C7DC0B /* 5K_output_range */ = {
			isa = PBXGroup;
			children = (
				7592F0EF27B2A2CE00C7DC0B /* main.cpp */,
			);
			path = 5K_output_range;
			sourceTree = "<group>";
		};
		75C1F36A27B7F89F00EDF079 /* 5M_sift_up */ = {
			isa = PBXGroup;
			children = (
				75C1F36B27B7F89F00EDF079 /* main.cpp */,
			);
			path = 5M_sift_up;
			sourceTree = "<group>";
		};
		75C1F37527B7F93500EDF079 /* 5L_sift_down */ = {
			isa = PBXGroup;
			children = (
				75C1F37627B7F93500EDF079 /* main.cpp */,
			);
			path = 5L_sift_down;
			sourceTree = "<group>";
		};
		75D77AE727BE3D4900249912 /* 6C_dfs */ = {
			isa = PBXGroup;
			children = (
				75D77AE827BE3D4900249912 /* main.cpp */,
			);
			path = 6C_dfs;
			sourceTree = "<group>";
		};
/* End PBXGroup section */

/* Begin PBXNativeTarget section */
		20A91EFA27C570C900908009 /* 6E_connected_components */ = {
			isa = PBXNativeTarget;
			buildConfigurationList = 20A91F0127C570C900908009 /* Build configuration list for PBXNativeTarget "6E_connected_components" */;
			buildPhases = (
				20A91EF727C570C900908009 /* Sources */,
				20A91EF827C570C900908009 /* Frameworks */,
				20A91EF927C570C900908009 /* CopyFiles */,
			);
			buildRules = (
			);
			dependencies = (
			);
			name = 6E_connected_components;
			productName = 6E_connected_components;
			productReference = 20A91EFB27C570C900908009 /* 6E_connected_components */;
			productType = "com.apple.product-type.tool";
		};
		20ADD3B727B27BDF00500326 /* 5E_search_tree */ = {
			isa = PBXNativeTarget;
			buildConfigurationList = 20ADD3BE27B27BDF00500326 /* Build configuration list for PBXNativeTarget "5E_search_tree" */;
			buildPhases = (
				20ADD3B427B27BDF00500326 /* Sources */,
				20ADD3B527B27BDF00500326 /* Frameworks */,
				20ADD3B627B27BDF00500326 /* CopyFiles */,
			);
			buildRules = (
			);
			dependencies = (
			);
			name = 5E_search_tree;
			productName = 5E_search_tree;
			productReference = 20ADD3B827B27BDF00500326 /* 5E_search_tree */;
			productType = "com.apple.product-type.tool";
		};
		20ADD3C227B514C800500326 /* 5J_add_node */ = {
			isa = PBXNativeTarget;
			buildConfigurationList = 20ADD3C927B514C800500326 /* Build configuration list for PBXNativeTarget "5J_add_node" */;
			buildPhases = (
				20ADD3BF27B514C800500326 /* Sources */,
				20ADD3C027B514C800500326 /* Frameworks */,
				20ADD3C127B514C800500326 /* CopyFiles */,
			);
			buildRules = (
			);
			dependencies = (
			);
			name = 5J_add_node;
			productName = 5J_add_node;
			productReference = 20ADD3C327B514C800500326 /* 5J_add_node */;
			productType = "com.apple.product-type.tool";
		};
		20ADD3CD27B5361D00500326 /* Sprint5TaskB */ = {
			isa = PBXNativeTarget;
			buildConfigurationList = 20ADD3D227B5361D00500326 /* Build configuration list for PBXNativeTarget "Sprint5TaskB" */;
			buildPhases = (
				20ADD3CA27B5361D00500326 /* Sources */,
				20ADD3CB27B5361D00500326 /* Frameworks */,
				20ADD3CC27B5361D00500326 /* CopyFiles */,
			);
			buildRules = (
			);
			dependencies = (
			);
			name = Sprint5TaskB;
			productName = Sprint5TaskB;
			productReference = 20ADD3CE27B5361D00500326 /* Sprint5TaskB */;
			productType = "com.apple.product-type.tool";
		};
		20ADD3D827B53A4500500326 /* 5B_balansed_tree */ = {
			isa = PBXNativeTarget;
			buildConfigurationList = 20ADD3DD27B53A4500500326 /* Build configuration list for PBXNativeTarget "5B_balansed_tree" */;
			buildPhases = (
				20ADD3D527B53A4500500326 /* Sources */,
				20ADD3D627B53A4500500326 /* Frameworks */,
				20ADD3D727B53A4500500326 /* CopyFiles */,
			);
			buildRules = (
			);
			dependencies = (
			);
			name = 5B_balansed_tree;
			productName = 5B_balansed_tree;
			productReference = 20ADD3D927B53A4500500326 /* 5B_balansed_tree */;
			productType = "com.apple.product-type.tool";
		};
		20ADD3E327B925B600500326 /* 5N_split_tree */ = {
			isa = PBXNativeTarget;
			buildConfigurationList = 20ADD3EA27B925B600500326 /* Build configuration list for PBXNativeTarget "5N_split_tree" */;
			buildPhases = (
				20ADD3E027B925B600500326 /* Sources */,
				20ADD3E127B925B600500326 /* Frameworks */,
				20ADD3E227B925B600500326 /* CopyFiles */,
			);
			buildRules = (
			);
			dependencies = (
			);
			name = 5N_split_tree;
			productName = 5N_split_tree;
			productReference = 20ADD3E427B925B600500326 /* 5N_split_tree */;
			productType = "com.apple.product-type.tool";
		};
		20ADD3EE27B9322800500326 /* Sprint5TaskA */ = {
			isa = PBXNativeTarget;
			buildConfigurationList = 20ADD3F327B9322800500326 /* Build configuration list for PBXNativeTarget "Sprint5TaskA" */;
			buildPhases = (
				20ADD3EB27B9322800500326 /* Sources */,
				20ADD3EC27B9322800500326 /* Frameworks */,
				20ADD3ED27B9322800500326 /* CopyFiles */,
			);
			buildRules = (
			);
			dependencies = (
			);
			name = Sprint5TaskA;
			productName = Sprint5TaskA;
			productReference = 20ADD3EF27B9322800500326 /* Sprint5TaskA */;
			productType = "com.apple.product-type.tool";
		};
		20ADD3F927BD696C00500326 /* 6A_build_adjacency_list */ = {
			isa = PBXNativeTarget;
			buildConfigurationList = 20ADD40027BD696C00500326 /* Build configuration list for PBXNativeTarget "6A_build_adjacency_list" */;
			buildPhases = (
				20ADD3F627BD696C00500326 /* Sources */,
				20ADD3F727BD696C00500326 /* Frameworks */,
				20ADD3F827BD696C00500326 /* CopyFiles */,
			);
			buildRules = (
			);
			dependencies = (
			);
			name = 6A_build_adjacency_list;
			productName = 6A_build_adjacency_list;
			productReference = 20ADD3FA27BD696C00500326 /* 6A_build_adjacency_list */;
			productType = "com.apple.product-type.tool";
		};
		20ADD40427BD6ED400500326 /* 6B_build_adjacency_matrix */ = {
			isa = PBXNativeTarget;
			buildConfigurationList = 20ADD40927BD6ED400500326 /* Build configuration list for PBXNativeTarget "6B_build_adjacency_matrix" */;
			buildPhases = (
				20ADD40127BD6ED400500326 /* Sources */,
				20ADD40227BD6ED400500326 /* Frameworks */,
				20ADD40327BD6ED400500326 /* CopyFiles */,
			);
			buildRules = (
			);
			dependencies = (
			);
			name = 6B_build_adjacency_matrix;
			productName = 6B_build_adjacency_matrix;
			productReference = 20ADD40527BD6ED400500326 /* 6B_build_adjacency_matrix */;
			productType = "com.apple.product-type.tool";
		};
		20ADD40F27C00D1B00500326 /* 6H_leave_time */ = {
			isa = PBXNativeTarget;
			buildConfigurationList = 20ADD41627C00D1B00500326 /* Build configuration list for PBXNativeTarget "6H_leave_time" */;
			buildPhases = (
				20ADD40C27C00D1B00500326 /* Sources */,
				20ADD40D27C00D1B00500326 /* Frameworks */,
				20ADD40E27C00D1B00500326 /* CopyFiles */,
			);
			buildRules = (
			);
			dependencies = (
			);
			name = 6H_leave_time;
			productName = 6H_leave_time;
			productReference = 20ADD41027C00D1B00500326 /* 6H_leave_time */;
			productType = "com.apple.product-type.tool";
		};
		7585D61E27C3957E00310633 /* 6J_topological_sort */ = {
			isa = PBXNativeTarget;
			buildConfigurationList = 7585D62327C3957E00310633 /* Build configuration list for PBXNativeTarget "6J_topological_sort" */;
			buildPhases = (
				7585D61B27C3957E00310633 /* Sources */,
				7585D61C27C3957E00310633 /* Frameworks */,
				7585D61D27C3957E00310633 /* CopyFiles */,
			);
			buildRules = (
			);
			dependencies = (
			);
			name = 6J_topological_sort;
			productName = 6J_topological_sort;
			productReference = 7585D61F27C3957E00310633 /* 6J_topological_sort */;
			productType = "com.apple.product-type.tool";
		};
		7592F0C827B1285200C7DC0B /* algorithms_part_two */ = {
			isa = PBXNativeTarget;
			buildConfigurationList = 7592F0D027B1285200C7DC0B /* Build configuration list for PBXNativeTarget "algorithms_part_two" */;
			buildPhases = (
				7592F0C527B1285200C7DC0B /* Sources */,
				7592F0C627B1285200C7DC0B /* Frameworks */,
				7592F0C727B1285200C7DC0B /* CopyFiles */,
			);
			buildRules = (
			);
			dependencies = (
			);
			name = algorithms_part_two;
			productName = algorithms_part_two;
			productReference = 7592F0C927B1285200C7DC0B /* algorithms_part_two */;
			productType = "com.apple.product-type.tool";
		};
		7592F0D627B1287800C7DC0B /* 5A_lightbulbs */ = {
			isa = PBXNativeTarget;
			buildConfigurationList = 7592F0DB27B1287800C7DC0B /* Build configuration list for PBXNativeTarget "5A_lightbulbs" */;
			buildPhases = (
				7592F0D327B1287800C7DC0B /* Sources */,
				7592F0D427B1287800C7DC0B /* Frameworks */,
				7592F0D527B1287800C7DC0B /* CopyFiles */,
			);
			buildRules = (
			);
			dependencies = (
			);
			name = 5A_lightbulbs;
			productName = 5A_lightbulbs;
			productReference = 7592F0D727B1287800C7DC0B /* 5A_lightbulbs */;
			productType = "com.apple.product-type.tool";
		};
		7592F0E127B2926700C7DC0B /* 5I_different_search_trees */ = {
			isa = PBXNativeTarget;
			buildConfigurationList = 7592F0E627B2926700C7DC0B /* Build configuration list for PBXNativeTarget "5I_different_search_trees" */;
			buildPhases = (
				7592F0DE27B2926700C7DC0B /* Sources */,
				7592F0DF27B2926700C7DC0B /* Frameworks */,
				7592F0E027B2926700C7DC0B /* CopyFiles */,
			);
			buildRules = (
			);
			dependencies = (
			);
			name = 5I_different_search_trees;
			productName = 5I_different_search_trees;
			productReference = 7592F0E227B2926700C7DC0B /* 5I_different_search_trees */;
			productType = "com.apple.product-type.tool";
		};
		7592F0EC27B2A2CE00C7DC0B /* 5K_output_range */ = {
			isa = PBXNativeTarget;
			buildConfigurationList = 7592F0F127B2A2CE00C7DC0B /* Build configuration list for PBXNativeTarget "5K_output_range" */;
			buildPhases = (
				7592F0E927B2A2CE00C7DC0B /* Sources */,
				7592F0EA27B2A2CE00C7DC0B /* Frameworks */,
				7592F0EB27B2A2CE00C7DC0B /* CopyFiles */,
			);
			buildRules = (
			);
			dependencies = (
			);
			name = 5K_output_range;
			productName = 5K_output_range;
			productReference = 7592F0ED27B2A2CE00C7DC0B /* 5K_output_range */;
			productType = "com.apple.product-type.tool";
		};
		75C1F36827B7F89F00EDF079 /* 5M_sift_up */ = {
			isa = PBXNativeTarget;
			buildConfigurationList = 75C1F36F27B7F89F00EDF079 /* Build configuration list for PBXNativeTarget "5M_sift_up" */;
			buildPhases = (
				75C1F36527B7F89F00EDF079 /* Sources */,
				75C1F36627B7F89F00EDF079 /* Frameworks */,
				75C1F36727B7F89F00EDF079 /* CopyFiles */,
			);
			buildRules = (
			);
			dependencies = (
			);
			name = 5M_sift_up;
			productName = 5M_sift_up;
			productReference = 75C1F36927B7F89F00EDF079 /* 5M_sift_up */;
			productType = "com.apple.product-type.tool";
		};
		75C1F37327B7F93500EDF079 /* 5L_sift_down */ = {
			isa = PBXNativeTarget;
			buildConfigurationList = 75C1F37827B7F93500EDF079 /* Build configuration list for PBXNativeTarget "5L_sift_down" */;
			buildPhases = (
				75C1F37027B7F93500EDF079 /* Sources */,
				75C1F37127B7F93500EDF079 /* Frameworks */,
				75C1F37227B7F93500EDF079 /* CopyFiles */,
			);
			buildRules = (
			);
			dependencies = (
			);
			name = 5L_sift_down;
			productName = 5L_sift_down;
			productReference = 75C1F37427B7F93500EDF079 /* 5L_sift_down */;
			productType = "com.apple.product-type.tool";
		};
		75D77AE527BE3D4900249912 /* 6C_dfs */ = {
			isa = PBXNativeTarget;
			buildConfigurationList = 75D77AEC27BE3D4900249912 /* Build configuration list for PBXNativeTarget "6C_dfs" */;
			buildPhases = (
				75D77AE227BE3D4900249912 /* Sources */,
				75D77AE327BE3D4900249912 /* Frameworks */,
				75D77AE427BE3D4900249912 /* CopyFiles */,
			);
			buildRules = (
			);
			dependencies = (
			);
			name = 6C_dfs;
			productName = 6C_dfs;
			productReference = 75D77AE627BE3D4900249912 /* 6C_dfs */;
			productType = "com.apple.product-type.tool";
		};
/* End PBXNativeTarget section */

/* Begin PBXProject section */
		7592F0C127B1285200C7DC0B /* Project object */ = {
			isa = PBXProject;
			attributes = {
				BuildIndependentTargetsInParallel = 1;
				LastUpgradeCheck = 1320;
				TargetAttributes = {
					20A91EFA27C570C900908009 = {
						CreatedOnToolsVersion = 13.2.1;
					};
					20ADD3B727B27BDF00500326 = {
						CreatedOnToolsVersion = 13.2.1;
					};
					20ADD3C227B514C800500326 = {
						CreatedOnToolsVersion = 13.2.1;
					};
					20ADD3CD27B5361D00500326 = {
						CreatedOnToolsVersion = 13.2.1;
					};
					20ADD3D827B53A4500500326 = {
						CreatedOnToolsVersion = 13.2.1;
					};
					20ADD3E327B925B600500326 = {
						CreatedOnToolsVersion = 13.2.1;
					};
					20ADD3EE27B9322800500326 = {
						CreatedOnToolsVersion = 13.2.1;
					};
					20ADD3F927BD696C00500326 = {
						CreatedOnToolsVersion = 13.2.1;
					};
					20ADD40427BD6ED400500326 = {
						CreatedOnToolsVersion = 13.2.1;
					};
					20ADD40F27C00D1B00500326 = {
						CreatedOnToolsVersion = 13.2.1;
					};
					7585D61E27C3957E00310633 = {
						CreatedOnToolsVersion = 13.2.1;
					};
					7592F0C827B1285200C7DC0B = {
						CreatedOnToolsVersion = 13.2.1;
					};
					7592F0D627B1287800C7DC0B = {
						CreatedOnToolsVersion = 13.2.1;
					};
					7592F0E127B2926700C7DC0B = {
						CreatedOnToolsVersion = 13.2.1;
					};
					7592F0EC27B2A2CE00C7DC0B = {
						CreatedOnToolsVersion = 13.2.1;
					};
					75C1F36827B7F89F00EDF079 = {
						CreatedOnToolsVersion = 13.2.1;
					};
					75C1F37327B7F93500EDF079 = {
						CreatedOnToolsVersion = 13.2.1;
					};
					75D77AE527BE3D4900249912 = {
						CreatedOnToolsVersion = 13.2.1;
					};
				};
			};
			buildConfigurationList = 7592F0C427B1285200C7DC0B /* Build configuration list for PBXProject "algorithms_part_two" */;
			compatibilityVersion = "Xcode 13.0";
			developmentRegion = en;
			hasScannedForEncodings = 0;
			knownRegions = (
				en,
				Base,
			);
			mainGroup = 7592F0C027B1285200C7DC0B;
			productRefGroup = 7592F0CA27B1285200C7DC0B /* Products */;
			projectDirPath = "";
			projectRoot = "";
			targets = (
				7592F0C827B1285200C7DC0B /* algorithms_part_two */,
				7592F0D627B1287800C7DC0B /* 5A_lightbulbs */,
				20ADD3B727B27BDF00500326 /* 5E_search_tree */,
				7592F0E127B2926700C7DC0B /* 5I_different_search_trees */,
				7592F0EC27B2A2CE00C7DC0B /* 5K_output_range */,
				20ADD3C227B514C800500326 /* 5J_add_node */,
				20ADD3CD27B5361D00500326 /* Sprint5TaskB */,
				20ADD3D827B53A4500500326 /* 5B_balansed_tree */,
				75C1F36827B7F89F00EDF079 /* 5M_sift_up */,
				75C1F37327B7F93500EDF079 /* 5L_sift_down */,
				20ADD3E327B925B600500326 /* 5N_split_tree */,
				20ADD3EE27B9322800500326 /* Sprint5TaskA */,
				20ADD3F927BD696C00500326 /* 6A_build_adjacency_list */,
				20ADD40427BD6ED400500326 /* 6B_build_adjacency_matrix */,
				75D77AE527BE3D4900249912 /* 6C_dfs */,
				20ADD40F27C00D1B00500326 /* 6H_leave_time */,
				7585D61E27C3957E00310633 /* 6J_topological_sort */,
				20A91EFA27C570C900908009 /* 6E_connected_components */,
			);
		};
/* End PBXProject section */

/* Begin PBXSourcesBuildPhase section */
		20A91EF727C570C900908009 /* Sources */ = {
			isa = PBXSourcesBuildPhase;
			buildActionMask = 2147483647;
			files = (
				20A91EFE27C570C900908009 /* main.cpp in Sources */,
			);
			runOnlyForDeploymentPostprocessing = 0;
		};
		20ADD3B427B27BDF00500326 /* Sources */ = {
			isa = PBXSourcesBuildPhase;
			buildActionMask = 2147483647;
			files = (
				20ADD3BB27B27BDF00500326 /* main.cpp in Sources */,
			);
			runOnlyForDeploymentPostprocessing = 0;
		};
		20ADD3BF27B514C800500326 /* Sources */ = {
			isa = PBXSourcesBuildPhase;
			buildActionMask = 2147483647;
			files = (
				20ADD3C627B514C800500326 /* main.cpp in Sources */,
			);
			runOnlyForDeploymentPostprocessing = 0;
		};
		20ADD3CA27B5361D00500326 /* Sources */ = {
			isa = PBXSourcesBuildPhase;
			buildActionMask = 2147483647;
			files = (
				20ADD3D127B5361D00500326 /* main.cpp in Sources */,
			);
			runOnlyForDeploymentPostprocessing = 0;
		};
		20ADD3D527B53A4500500326 /* Sources */ = {
			isa = PBXSourcesBuildPhase;
			buildActionMask = 2147483647;
			files = (
				20ADD3DC27B53A4500500326 /* main.cpp in Sources */,
			);
			runOnlyForDeploymentPostprocessing = 0;
		};
		20ADD3E027B925B600500326 /* Sources */ = {
			isa = PBXSourcesBuildPhase;
			buildActionMask = 2147483647;
			files = (
				20ADD3E727B925B600500326 /* main.cpp in Sources */,
			);
			runOnlyForDeploymentPostprocessing = 0;
		};
		20ADD3EB27B9322800500326 /* Sources */ = {
			isa = PBXSourcesBuildPhase;
			buildActionMask = 2147483647;
			files = (
				20ADD3F227B9322800500326 /* main.cpp in Sources */,
			);
			runOnlyForDeploymentPostprocessing = 0;
		};
		20ADD3F627BD696C00500326 /* Sources */ = {
			isa = PBXSourcesBuildPhase;
			buildActionMask = 2147483647;
			files = (
				20ADD3FD27BD696C00500326 /* main.cpp in Sources */,
			);
			runOnlyForDeploymentPostprocessing = 0;
		};
		20ADD40127BD6ED400500326 /* Sources */ = {
			isa = PBXSourcesBuildPhase;
			buildActionMask = 2147483647;
			files = (
				20ADD40827BD6ED400500326 /* main.cpp in Sources */,
			);
			runOnlyForDeploymentPostprocessing = 0;
		};
		20ADD40C27C00D1B00500326 /* Sources */ = {
			isa = PBXSourcesBuildPhase;
			buildActionMask = 2147483647;
			files = (
				20ADD41327C00D1B00500326 /* main.cpp in Sources */,
			);
			runOnlyForDeploymentPostprocessing = 0;
		};
		7585D61B27C3957E00310633 /* Sources */ = {
			isa = PBXSourcesBuildPhase;
			buildActionMask = 2147483647;
			files = (
				7585D62227C3957E00310633 /* main.cpp in Sources */,
			);
			runOnlyForDeploymentPostprocessing = 0;
		};
		7592F0C527B1285200C7DC0B /* Sources */ = {
			isa = PBXSourcesBuildPhase;
			buildActionMask = 2147483647;
			files = (
				7592F0CD27B1285200C7DC0B /* main.cpp in Sources */,
			);
			runOnlyForDeploymentPostprocessing = 0;
		};
		7592F0D327B1287800C7DC0B /* Sources */ = {
			isa = PBXSourcesBuildPhase;
			buildActionMask = 2147483647;
			files = (
				7592F0DA27B1287800C7DC0B /* main.cpp in Sources */,
			);
			runOnlyForDeploymentPostprocessing = 0;
		};
		7592F0DE27B2926700C7DC0B /* Sources */ = {
			isa = PBXSourcesBuildPhase;
			buildActionMask = 2147483647;
			files = (
				7592F0E527B2926700C7DC0B /* main.cpp in Sources */,
			);
			runOnlyForDeploymentPostprocessing = 0;
		};
		7592F0E927B2A2CE00C7DC0B /* Sources */ = {
			isa = PBXSourcesBuildPhase;
			buildActionMask = 2147483647;
			files = (
				7592F0F027B2A2CE00C7DC0B /* main.cpp in Sources */,
			);
			runOnlyForDeploymentPostprocessing = 0;
		};
		75C1F36527B7F89F00EDF079 /* Sources */ = {
			isa = PBXSourcesBuildPhase;
			buildActionMask = 2147483647;
			files = (
				75C1F36C27B7F89F00EDF079 /* main.cpp in Sources */,
			);
			runOnlyForDeploymentPostprocessing = 0;
		};
		75C1F37027B7F93500EDF079 /* Sources */ = {
			isa = PBXSourcesBuildPhase;
			buildActionMask = 2147483647;
			files = (
				75C1F37727B7F93500EDF079 /* main.cpp in Sources */,
			);
			runOnlyForDeploymentPostprocessing = 0;
		};
		75D77AE227BE3D4900249912 /* Sources */ = {
			isa = PBXSourcesBuildPhase;
			buildActionMask = 2147483647;
			files = (
				75D77AE927BE3D4900249912 /* main.cpp in Sources */,
			);
			runOnlyForDeploymentPostprocessing = 0;
		};
/* End PBXSourcesBuildPhase section */

/* Begin XCBuildConfiguration section */
		20A91EFF27C570C900908009 /* Debug */ = {
			isa = XCBuildConfiguration;
			buildSettings = {
				CODE_SIGN_STYLE = Automatic;
				MACOSX_DEPLOYMENT_TARGET = 11.1;
				PRODUCT_NAME = "$(TARGET_NAME)";
			};
			name = Debug;
		};
		20A91F0027C570C900908009 /* Release */ = {
			isa = XCBuildConfiguration;
			buildSettings = {
				CODE_SIGN_STYLE = Automatic;
				MACOSX_DEPLOYMENT_TARGET = 11.1;
				PRODUCT_NAME = "$(TARGET_NAME)";
			};
			name = Release;
		};
		20ADD3BC27B27BDF00500326 /* Debug */ = {
			isa = XCBuildConfiguration;
			buildSettings = {
				CODE_SIGN_STYLE = Automatic;
				MACOSX_DEPLOYMENT_TARGET = 11.1;
				PRODUCT_NAME = "$(TARGET_NAME)";
			};
			name = Debug;
		};
		20ADD3BD27B27BDF00500326 /* Release */ = {
			isa = XCBuildConfiguration;
			buildSettings = {
				CODE_SIGN_STYLE = Automatic;
				MACOSX_DEPLOYMENT_TARGET = 11.1;
				PRODUCT_NAME = "$(TARGET_NAME)";
			};
			name = Release;
		};
		20ADD3C727B514C800500326 /* Debug */ = {
			isa = XCBuildConfiguration;
			buildSettings = {
				CODE_SIGN_STYLE = Automatic;
				MACOSX_DEPLOYMENT_TARGET = 12.1;
				PRODUCT_NAME = "$(TARGET_NAME)";
			};
			name = Debug;
		};
		20ADD3C827B514C800500326 /* Release */ = {
			isa = XCBuildConfiguration;
			buildSettings = {
				CODE_SIGN_STYLE = Automatic;
				MACOSX_DEPLOYMENT_TARGET = 12.1;
				PRODUCT_NAME = "$(TARGET_NAME)";
			};
			name = Release;
		};
		20ADD3D327B5361D00500326 /* Debug */ = {
			isa = XCBuildConfiguration;
			buildSettings = {
				CODE_SIGN_STYLE = Automatic;
				MACOSX_DEPLOYMENT_TARGET = 11.1;
				PRODUCT_NAME = "$(TARGET_NAME)";
			};
			name = Debug;
		};
		20ADD3D427B5361D00500326 /* Release */ = {
			isa = XCBuildConfiguration;
			buildSettings = {
				CODE_SIGN_STYLE = Automatic;
				MACOSX_DEPLOYMENT_TARGET = 11.1;
				PRODUCT_NAME = "$(TARGET_NAME)";
			};
			name = Release;
		};
		20ADD3DE27B53A4500500326 /* Debug */ = {
			isa = XCBuildConfiguration;
			buildSettings = {
				CODE_SIGN_STYLE = Automatic;
				MACOSX_DEPLOYMENT_TARGET = 12.1;
				PRODUCT_NAME = "$(TARGET_NAME)";
			};
			name = Debug;
		};
		20ADD3DF27B53A4500500326 /* Release */ = {
			isa = XCBuildConfiguration;
			buildSettings = {
				CODE_SIGN_STYLE = Automatic;
				MACOSX_DEPLOYMENT_TARGET = 12.1;
				PRODUCT_NAME = "$(TARGET_NAME)";
			};
			name = Release;
		};
		20ADD3E827B925B600500326 /* Debug */ = {
			isa = XCBuildConfiguration;
			buildSettings = {
				CODE_SIGN_STYLE = Automatic;
				MACOSX_DEPLOYMENT_TARGET = 12.1;
				PRODUCT_NAME = "$(TARGET_NAME)";
			};
			name = Debug;
		};
		20ADD3E927B925B600500326 /* Release */ = {
			isa = XCBuildConfiguration;
			buildSettings = {
				CODE_SIGN_STYLE = Automatic;
				MACOSX_DEPLOYMENT_TARGET = 12.1;
				PRODUCT_NAME = "$(TARGET_NAME)";
			};
			name = Release;
		};
		20ADD3F427B9322800500326 /* Debug */ = {
			isa = XCBuildConfiguration;
			buildSettings = {
				CODE_SIGN_STYLE = Automatic;
				MACOSX_DEPLOYMENT_TARGET = 12.1;
				PRODUCT_NAME = "$(TARGET_NAME)";
			};
			name = Debug;
		};
		20ADD3F527B9322800500326 /* Release */ = {
			isa = XCBuildConfiguration;
			buildSettings = {
				CODE_SIGN_STYLE = Automatic;
				MACOSX_DEPLOYMENT_TARGET = 12.1;
				PRODUCT_NAME = "$(TARGET_NAME)";
			};
			name = Release;
		};
		20ADD3FE27BD696C00500326 /* Debug */ = {
			isa = XCBuildConfiguration;
			buildSettings = {
				CODE_SIGN_STYLE = Automatic;
				MACOSX_DEPLOYMENT_TARGET = 12.1;
				PRODUCT_NAME = "$(TARGET_NAME)";
			};
			name = Debug;
		};
		20ADD3FF27BD696C00500326 /* Release */ = {
			isa = XCBuildConfiguration;
			buildSettings = {
				CODE_SIGN_STYLE = Automatic;
				MACOSX_DEPLOYMENT_TARGET = 12.1;
				PRODUCT_NAME = "$(TARGET_NAME)";
			};
			name = Release;
		};
		20ADD40A27BD6ED400500326 /* Debug */ = {
			isa = XCBuildConfiguration;
			buildSettings = {
				CODE_SIGN_STYLE = Automatic;
				MACOSX_DEPLOYMENT_TARGET = 12.1;
				PRODUCT_NAME = "$(TARGET_NAME)";
			};
			name = Debug;
		};
		20ADD40B27BD6ED400500326 /* Release */ = {
			isa = XCBuildConfiguration;
			buildSettings = {
				CODE_SIGN_STYLE = Automatic;
				MACOSX_DEPLOYMENT_TARGET = 12.1;
				PRODUCT_NAME = "$(TARGET_NAME)";
			};
			name = Release;
		};
		20ADD41427C00D1B00500326 /* Debug */ = {
			isa = XCBuildConfiguration;
			buildSettings = {
				CODE_SIGN_STYLE = Automatic;
				MACOSX_DEPLOYMENT_TARGET = 11.1;
				PRODUCT_NAME = "$(TARGET_NAME)";
			};
			name = Debug;
		};
		20ADD41527C00D1B00500326 /* Release */ = {
			isa = XCBuildConfiguration;
			buildSettings = {
				CODE_SIGN_STYLE = Automatic;
				MACOSX_DEPLOYMENT_TARGET = 11.1;
				PRODUCT_NAME = "$(TARGET_NAME)";
			};
			name = Release;
		};
		7585D62427C3957E00310633 /* Debug */ = {
			isa = XCBuildConfiguration;
			buildSettings = {
				CODE_SIGN_STYLE = Automatic;
				PRODUCT_NAME = "$(TARGET_NAME)";
			};
			name = Debug;
		};
		7585D62527C3957E00310633 /* Release */ = {
			isa = XCBuildConfiguration;
			buildSettings = {
				CODE_SIGN_STYLE = Automatic;
				PRODUCT_NAME = "$(TARGET_NAME)";
			};
			name = Release;
		};
		7592F0CE27B1285200C7DC0B /* Debug */ = {
			isa = XCBuildConfiguration;
			buildSettings = {
				ALWAYS_SEARCH_USER_PATHS = NO;
				CLANG_ANALYZER_NONNULL = YES;
				CLANG_ANALYZER_NUMBER_OBJECT_CONVERSION = YES_AGGRESSIVE;
				CLANG_CXX_LANGUAGE_STANDARD = "gnu++17";
				CLANG_CXX_LIBRARY = "libc++";
				CLANG_ENABLE_MODULES = YES;
				CLANG_ENABLE_OBJC_ARC = YES;
				CLANG_ENABLE_OBJC_WEAK = YES;
				CLANG_WARN_BLOCK_CAPTURE_AUTORELEASING = YES;
				CLANG_WARN_BOOL_CONVERSION = YES;
				CLANG_WARN_COMMA = YES;
				CLANG_WARN_CONSTANT_CONVERSION = YES;
				CLANG_WARN_DEPRECATED_OBJC_IMPLEMENTATIONS = YES;
				CLANG_WARN_DIRECT_OBJC_ISA_USAGE = YES_ERROR;
				CLANG_WARN_DOCUMENTATION_COMMENTS = YES;
				CLANG_WARN_EMPTY_BODY = YES;
				CLANG_WARN_ENUM_CONVERSION = YES;
				CLANG_WARN_INFINITE_RECURSION = YES;
				CLANG_WARN_INT_CONVERSION = YES;
				CLANG_WARN_NON_LITERAL_NULL_CONVERSION = YES;
				CLANG_WARN_OBJC_IMPLICIT_RETAIN_SELF = YES;
				CLANG_WARN_OBJC_LITERAL_CONVERSION = YES;
				CLANG_WARN_OBJC_ROOT_CLASS = YES_ERROR;
				CLANG_WARN_QUOTED_INCLUDE_IN_FRAMEWORK_HEADER = YES;
				CLANG_WARN_RANGE_LOOP_ANALYSIS = YES;
				CLANG_WARN_STRICT_PROTOTYPES = YES;
				CLANG_WARN_SUSPICIOUS_MOVE = YES;
				CLANG_WARN_UNGUARDED_AVAILABILITY = YES_AGGRESSIVE;
				CLANG_WARN_UNREACHABLE_CODE = YES;
				CLANG_WARN__DUPLICATE_METHOD_MATCH = YES;
				COPY_PHASE_STRIP = NO;
				DEBUG_INFORMATION_FORMAT = dwarf;
				ENABLE_STRICT_OBJC_MSGSEND = YES;
				ENABLE_TESTABILITY = YES;
				GCC_C_LANGUAGE_STANDARD = gnu11;
				GCC_DYNAMIC_NO_PIC = NO;
				GCC_NO_COMMON_BLOCKS = YES;
				GCC_OPTIMIZATION_LEVEL = 0;
				GCC_PREPROCESSOR_DEFINITIONS = (
					"DEBUG=1",
					"$(inherited)",
				);
				GCC_WARN_64_TO_32_BIT_CONVERSION = YES;
				GCC_WARN_ABOUT_RETURN_TYPE = YES_ERROR;
				GCC_WARN_UNDECLARED_SELECTOR = YES;
				GCC_WARN_UNINITIALIZED_AUTOS = YES_AGGRESSIVE;
				GCC_WARN_UNUSED_FUNCTION = YES;
				GCC_WARN_UNUSED_VARIABLE = YES;
				MACOSX_DEPLOYMENT_TARGET = 11.6;
				MTL_ENABLE_DEBUG_INFO = INCLUDE_SOURCE;
				MTL_FAST_MATH = YES;
				ONLY_ACTIVE_ARCH = YES;
				SDKROOT = macosx;
			};
			name = Debug;
		};
		7592F0CF27B1285200C7DC0B /* Release */ = {
			isa = XCBuildConfiguration;
			buildSettings = {
				ALWAYS_SEARCH_USER_PATHS = NO;
				CLANG_ANALYZER_NONNULL = YES;
				CLANG_ANALYZER_NUMBER_OBJECT_CONVERSION = YES_AGGRESSIVE;
				CLANG_CXX_LANGUAGE_STANDARD = "gnu++17";
				CLANG_CXX_LIBRARY = "libc++";
				CLANG_ENABLE_MODULES = YES;
				CLANG_ENABLE_OBJC_ARC = YES;
				CLANG_ENABLE_OBJC_WEAK = YES;
				CLANG_WARN_BLOCK_CAPTURE_AUTORELEASING = YES;
				CLANG_WARN_BOOL_CONVERSION = YES;
				CLANG_WARN_COMMA = YES;
				CLANG_WARN_CONSTANT_CONVERSION = YES;
				CLANG_WARN_DEPRECATED_OBJC_IMPLEMENTATIONS = YES;
				CLANG_WARN_DIRECT_OBJC_ISA_USAGE = YES_ERROR;
				CLANG_WARN_DOCUMENTATION_COMMENTS = YES;
				CLANG_WARN_EMPTY_BODY = YES;
				CLANG_WARN_ENUM_CONVERSION = YES;
				CLANG_WARN_INFINITE_RECURSION = YES;
				CLANG_WARN_INT_CONVERSION = YES;
				CLANG_WARN_NON_LITERAL_NULL_CONVERSION = YES;
				CLANG_WARN_OBJC_IMPLICIT_RETAIN_SELF = YES;
				CLANG_WARN_OBJC_LITERAL_CONVERSION = YES;
				CLANG_WARN_OBJC_ROOT_CLASS = YES_ERROR;
				CLANG_WARN_QUOTED_INCLUDE_IN_FRAMEWORK_HEADER = YES;
				CLANG_WARN_RANGE_LOOP_ANALYSIS = YES;
				CLANG_WARN_STRICT_PROTOTYPES = YES;
				CLANG_WARN_SUSPICIOUS_MOVE = YES;
				CLANG_WARN_UNGUARDED_AVAILABILITY = YES_AGGRESSIVE;
				CLANG_WARN_UNREACHABLE_CODE = YES;
				CLANG_WARN__DUPLICATE_METHOD_MATCH = YES;
				COPY_PHASE_STRIP = NO;
				DEBUG_INFORMATION_FORMAT = "dwarf-with-dsym";
				ENABLE_NS_ASSERTIONS = NO;
				ENABLE_STRICT_OBJC_MSGSEND = YES;
				GCC_C_LANGUAGE_STANDARD = gnu11;
				GCC_NO_COMMON_BLOCKS = YES;
				GCC_WARN_64_TO_32_BIT_CONVERSION = YES;
				GCC_WARN_ABOUT_RETURN_TYPE = YES_ERROR;
				GCC_WARN_UNDECLARED_SELECTOR = YES;
				GCC_WARN_UNINITIALIZED_AUTOS = YES_AGGRESSIVE;
				GCC_WARN_UNUSED_FUNCTION = YES;
				GCC_WARN_UNUSED_VARIABLE = YES;
				MACOSX_DEPLOYMENT_TARGET = 11.6;
				MTL_ENABLE_DEBUG_INFO = NO;
				MTL_FAST_MATH = YES;
				SDKROOT = macosx;
			};
			name = Release;
		};
		7592F0D127B1285200C7DC0B /* Debug */ = {
			isa = XCBuildConfiguration;
			buildSettings = {
				CODE_SIGN_STYLE = Automatic;
				PRODUCT_NAME = "$(TARGET_NAME)";
			};
			name = Debug;
		};
		7592F0D227B1285200C7DC0B /* Release */ = {
			isa = XCBuildConfiguration;
			buildSettings = {
				CODE_SIGN_STYLE = Automatic;
				PRODUCT_NAME = "$(TARGET_NAME)";
			};
			name = Release;
		};
		7592F0DC27B1287800C7DC0B /* Debug */ = {
			isa = XCBuildConfiguration;
			buildSettings = {
				CODE_SIGN_STYLE = Automatic;
				PRODUCT_NAME = "$(TARGET_NAME)";
			};
			name = Debug;
		};
		7592F0DD27B1287800C7DC0B /* Release */ = {
			isa = XCBuildConfiguration;
			buildSettings = {
				CODE_SIGN_STYLE = Automatic;
				PRODUCT_NAME = "$(TARGET_NAME)";
			};
			name = Release;
		};
		7592F0E727B2926700C7DC0B /* Debug */ = {
			isa = XCBuildConfiguration;
			buildSettings = {
				CODE_SIGN_STYLE = Automatic;
				PRODUCT_NAME = "$(TARGET_NAME)";
			};
			name = Debug;
		};
		7592F0E827B2926700C7DC0B /* Release */ = {
			isa = XCBuildConfiguration;
			buildSettings = {
				CODE_SIGN_STYLE = Automatic;
				PRODUCT_NAME = "$(TARGET_NAME)";
			};
			name = Release;
		};
		7592F0F227B2A2CE00C7DC0B /* Debug */ = {
			isa = XCBuildConfiguration;
			buildSettings = {
				CODE_SIGN_STYLE = Automatic;
				PRODUCT_NAME = "$(TARGET_NAME)";
			};
			name = Debug;
		};
		7592F0F327B2A2CE00C7DC0B /* Release */ = {
			isa = XCBuildConfiguration;
			buildSettings = {
				CODE_SIGN_STYLE = Automatic;
				PRODUCT_NAME = "$(TARGET_NAME)";
			};
			name = Release;
		};
		75C1F36D27B7F89F00EDF079 /* Debug */ = {
			isa = XCBuildConfiguration;
			buildSettings = {
				CODE_SIGN_STYLE = Automatic;
				PRODUCT_NAME = "$(TARGET_NAME)";
			};
			name = Debug;
		};
		75C1F36E27B7F89F00EDF079 /* Release */ = {
			isa = XCBuildConfiguration;
			buildSettings = {
				CODE_SIGN_STYLE = Automatic;
				PRODUCT_NAME = "$(TARGET_NAME)";
			};
			name = Release;
		};
		75C1F37927B7F93500EDF079 /* Debug */ = {
			isa = XCBuildConfiguration;
			buildSettings = {
				CODE_SIGN_STYLE = Automatic;
				PRODUCT_NAME = "$(TARGET_NAME)";
			};
			name = Debug;
		};
		75C1F37A27B7F93500EDF079 /* Release */ = {
			isa = XCBuildConfiguration;
			buildSettings = {
				CODE_SIGN_STYLE = Automatic;
				PRODUCT_NAME = "$(TARGET_NAME)";
			};
			name = Release;
		};
		75D77AEA27BE3D4900249912 /* Debug */ = {
			isa = XCBuildConfiguration;
			buildSettings = {
				CODE_SIGN_STYLE = Automatic;
				PRODUCT_NAME = "$(TARGET_NAME)";
			};
			name = Debug;
		};
		75D77AEB27BE3D4900249912 /* Release */ = {
			isa = XCBuildConfiguration;
			buildSettings = {
				CODE_SIGN_STYLE = Automatic;
				PRODUCT_NAME = "$(TARGET_NAME)";
			};
			name = Release;
		};
/* End XCBuildConfiguration section */

/* Begin XCConfigurationList section */
		20A91F0127C570C900908009 /* Build configuration list for PBXNativeTarget "6E_connected_components" */ = {
			isa = XCConfigurationList;
			buildConfigurations = (
				20A91EFF27C570C900908009 /* Debug */,
				20A91F0027C570C900908009 /* Release */,
			);
			defaultConfigurationIsVisible = 0;
			defaultConfigurationName = Release;
		};
		20ADD3BE27B27BDF00500326 /* Build configuration list for PBXNativeTarget "5E_search_tree" */ = {
			isa = XCConfigurationList;
			buildConfigurations = (
				20ADD3BC27B27BDF00500326 /* Debug */,
				20ADD3BD27B27BDF00500326 /* Release */,
			);
			defaultConfigurationIsVisible = 0;
			defaultConfigurationName = Release;
		};
		20ADD3C927B514C800500326 /* Build configuration list for PBXNativeTarget "5J_add_node" */ = {
			isa = XCConfigurationList;
			buildConfigurations = (
				20ADD3C727B514C800500326 /* Debug */,
				20ADD3C827B514C800500326 /* Release */,
			);
			defaultConfigurationIsVisible = 0;
			defaultConfigurationName = Release;
		};
		20ADD3D227B5361D00500326 /* Build configuration list for PBXNativeTarget "Sprint5TaskB" */ = {
			isa = XCConfigurationList;
			buildConfigurations = (
				20ADD3D327B5361D00500326 /* Debug */,
				20ADD3D427B5361D00500326 /* Release */,
			);
			defaultConfigurationIsVisible = 0;
			defaultConfigurationName = Release;
		};
		20ADD3DD27B53A4500500326 /* Build configuration list for PBXNativeTarget "5B_balansed_tree" */ = {
			isa = XCConfigurationList;
			buildConfigurations = (
				20ADD3DE27B53A4500500326 /* Debug */,
				20ADD3DF27B53A4500500326 /* Release */,
			);
			defaultConfigurationIsVisible = 0;
			defaultConfigurationName = Release;
		};
		20ADD3EA27B925B600500326 /* Build configuration list for PBXNativeTarget "5N_split_tree" */ = {
			isa = XCConfigurationList;
			buildConfigurations = (
				20ADD3E827B925B600500326 /* Debug */,
				20ADD3E927B925B600500326 /* Release */,
			);
			defaultConfigurationIsVisible = 0;
			defaultConfigurationName = Release;
		};
		20ADD3F327B9322800500326 /* Build configuration list for PBXNativeTarget "Sprint5TaskA" */ = {
			isa = XCConfigurationList;
			buildConfigurations = (
				20ADD3F427B9322800500326 /* Debug */,
				20ADD3F527B9322800500326 /* Release */,
			);
			defaultConfigurationIsVisible = 0;
			defaultConfigurationName = Release;
		};
		20ADD40027BD696C00500326 /* Build configuration list for PBXNativeTarget "6A_build_adjacency_list" */ = {
			isa = XCConfigurationList;
			buildConfigurations = (
				20ADD3FE27BD696C00500326 /* Debug */,
				20ADD3FF27BD696C00500326 /* Release */,
			);
			defaultConfigurationIsVisible = 0;
			defaultConfigurationName = Release;
		};
		20ADD40927BD6ED400500326 /* Build configuration list for PBXNativeTarget "6B_build_adjacency_matrix" */ = {
			isa = XCConfigurationList;
			buildConfigurations = (
				20ADD40A27BD6ED400500326 /* Debug */,
				20ADD40B27BD6ED400500326 /* Release */,
			);
			defaultConfigurationIsVisible = 0;
			defaultConfigurationName = Release;
		};
		20ADD41627C00D1B00500326 /* Build configuration list for PBXNativeTarget "6H_leave_time" */ = {
			isa = XCConfigurationList;
			buildConfigurations = (
				20ADD41427C00D1B00500326 /* Debug */,
				20ADD41527C00D1B00500326 /* Release */,
			);
			defaultConfigurationIsVisible = 0;
			defaultConfigurationName = Release;
		};
		7585D62327C3957E00310633 /* Build configuration list for PBXNativeTarget "6J_topological_sort" */ = {
			isa = XCConfigurationList;
			buildConfigurations = (
				7585D62427C3957E00310633 /* Debug */,
				7585D62527C3957E00310633 /* Release */,
			);
			defaultConfigurationIsVisible = 0;
			defaultConfigurationName = Release;
		};
		7592F0C427B1285200C7DC0B /* Build configuration list for PBXProject "algorithms_part_two" */ = {
			isa = XCConfigurationList;
			buildConfigurations = (
				7592F0CE27B1285200C7DC0B /* Debug */,
				7592F0CF27B1285200C7DC0B /* Release */,
			);
			defaultConfigurationIsVisible = 0;
			defaultConfigurationName = Release;
		};
		7592F0D027B1285200C7DC0B /* Build configuration list for PBXNativeTarget "algorithms_part_two" */ = {
			isa = XCConfigurationList;
			buildConfigurations = (
				7592F0D127B1285200C7DC0B /* Debug */,
				7592F0D227B1285200C7DC0B /* Release */,
			);
			defaultConfigurationIsVisible = 0;
			defaultConfigurationName = Release;
		};
		7592F0DB27B1287800C7DC0B /* Build configuration list for PBXNativeTarget "5A_lightbulbs" */ = {
			isa = XCConfigurationList;
			buildConfigurations = (
				7592F0DC27B1287800C7DC0B /* Debug */,
				7592F0DD27B1287800C7DC0B /* Release */,
			);
			defaultConfigurationIsVisible = 0;
			defaultConfigurationName = Release;
		};
		7592F0E627B2926700C7DC0B /* Build configuration list for PBXNativeTarget "5I_different_search_trees" */ = {
			isa = XCConfigurationList;
			buildConfigurations = (
				7592F0E727B2926700C7DC0B /* Debug */,
				7592F0E827B2926700C7DC0B /* Release */,
			);
			defaultConfigurationIsVisible = 0;
			defaultConfigurationName = Release;
		};
		7592F0F127B2A2CE00C7DC0B /* Build configuration list for PBXNativeTarget "5K_output_range" */ = {
			isa = XCConfigurationList;
			buildConfigurations = (
				7592F0F227B2A2CE00C7DC0B /* Debug */,
				7592F0F327B2A2CE00C7DC0B /* Release */,
			);
			defaultConfigurationIsVisible = 0;
			defaultConfigurationName = Release;
		};
		75C1F36F27B7F89F00EDF079 /* Build configuration list for PBXNativeTarget "5M_sift_up" */ = {
			isa = XCConfigurationList;
			buildConfigurations = (
				75C1F36D27B7F89F00EDF079 /* Debug */,
				75C1F36E27B7F89F00EDF079 /* Release */,
			);
			defaultConfigurationIsVisible = 0;
			defaultConfigurationName = Release;
		};
		75C1F37827B7F93500EDF079 /* Build configuration list for PBXNativeTarget "5L_sift_down" */ = {
			isa = XCConfigurationList;
			buildConfigurations = (
				75C1F37927B7F93500EDF079 /* Debug */,
				75C1F37A27B7F93500EDF079 /* Release */,
			);
			defaultConfigurationIsVisible = 0;
			defaultConfigurationName = Release;
		};
		75D77AEC27BE3D4900249912 /* Build configuration list for PBXNativeTarget "6C_dfs" */ = {
			isa = XCConfigurationList;
			buildConfigurations = (
				75D77AEA27BE3D4900249912 /* Debug */,
				75D77AEB27BE3D4900249912 /* Release */,
			);
			defaultConfigurationIsVisible = 0;
			defaultConfigurationName = Release;
		};
/* End XCConfigurationList section */
	};
	rootObject = 7592F0C127B1285200C7DC0B /* Project object */;
}
